<?xml version="1.0" encoding="utf-8"?>
<Project ToolsVersion="4.0" xmlns="http://schemas.microsoft.com/developer/msbuild/2003">
  <ItemGroup>
    <Filter Include="Source Files">
      <UniqueIdentifier>{4FC737F1-C7A5-4376-A066-2A32D752A2FF}</UniqueIdentifier>
      <Extensions>cpp;c;cc;cxx;def;odl;idl;hpj;bat;asm;asmx</Extensions>
    </Filter>
    <Filter Include="Header Files">
      <UniqueIdentifier>{93995380-89BD-4b04-88EB-625FBE52EBFB}</UniqueIdentifier>
      <Extensions>h;hh;hpp;hxx;hm;inl;inc;xsd</Extensions>
    </Filter>
    <Filter Include="Resource Files">
      <UniqueIdentifier>{67DA6AB6-F800-4c08-8B7A-83BB121AAD01}</UniqueIdentifier>
      <Extensions>rc;ico;cur;bmp;dlg;rc2;rct;bin;rgs;gif;jpg;jpeg;jpe;resx;tiff;tif;png;wav;mfcribbon-ms</Extensions>
    </Filter>
    <Filter Include="Resource Files\shaders">
      <UniqueIdentifier>{482cf765-0fa0-43e6-96a2-f384e8836439}</UniqueIdentifier>
    </Filter>
    <Filter Include="Resource Files\Textures">
      <UniqueIdentifier>{54dc171d-dc83-4c3f-b318-86334009496c}</UniqueIdentifier>
    </Filter>
    <Filter Include="Resource Files\Textures\Fish">
      <UniqueIdentifier>{7cf5d2cc-8cc7-4c07-8021-e80bac6c2998}</UniqueIdentifier>
    </Filter>
    <Filter Include="Resource Files\Textures\Background">
      <UniqueIdentifier>{df46566f-1940-4ded-810f-1ca059a948ce}</UniqueIdentifier>
    </Filter>
    <Filter Include="Resource Files\Textures\portal">
      <UniqueIdentifier>{28f804e2-8ff3-480b-8003-2878c570d1c8}</UniqueIdentifier>
    </Filter>
  </ItemGroup>
  <ItemGroup>
    <ClCompile Include="IndexBuffer.cpp">
      <Filter>Source Files</Filter>
    </ClCompile>
    <ClCompile Include="main.cpp">
      <Filter>Source Files</Filter>
    </ClCompile>
    <ClCompile Include="Renderer.cpp">
      <Filter>Source Files</Filter>
    </ClCompile>
    <ClCompile Include="Shader.cpp">
      <Filter>Source Files</Filter>
    </ClCompile>
    <ClCompile Include="stb_image.cpp">
      <Filter>Source Files</Filter>
    </ClCompile>
    <ClCompile Include="Texture.cpp">
      <Filter>Source Files</Filter>
    </ClCompile>
    <ClCompile Include="VertexArray.cpp">
      <Filter>Source Files</Filter>
    </ClCompile>
    <ClCompile Include="VertexBuffer.cpp">
      <Filter>Source Files</Filter>
    </ClCompile>
    <ClCompile Include="VertexBufferLayout.cpp">
      <Filter>Source Files</Filter>
    </ClCompile>
    <ClCompile Include="Fish.cpp">
      <Filter>Source Files</Filter>
    </ClCompile>
    <ClCompile Include="Level.cpp">
      <Filter>Source Files</Filter>
    </ClCompile>
    <ClCompile Include="Portal.cpp">
      <Filter>Source Files</Filter>
    </ClCompile>
    <ClCompile Include="Game.cpp">
      <Filter>Source Files</Filter>
    </ClCompile>
  </ItemGroup>
  <ItemGroup>
    <ClInclude Include="IndexBuffer.h">
      <Filter>Header Files</Filter>
    </ClInclude>
    <ClInclude Include="Renderer.h">
      <Filter>Header Files</Filter>
    </ClInclude>
    <ClInclude Include="Shader.h">
      <Filter>Header Files</Filter>
    </ClInclude>
    <ClInclude Include="stb_image.h">
      <Filter>Header Files</Filter>
    </ClInclude>
    <ClInclude Include="Texture.h">
      <Filter>Header Files</Filter>
    </ClInclude>
    <ClInclude Include="VertexArray.h">
      <Filter>Header Files</Filter>
    </ClInclude>
    <ClInclude Include="VertexBuffer.h">
      <Filter>Header Files</Filter>
    </ClInclude>
    <ClInclude Include="VertexBufferLayout.h">
      <Filter>Header Files</Filter>
    </ClInclude>
    <ClInclude Include="Fish.h">
      <Filter>Header Files</Filter>
    </ClInclude>
    <ClInclude Include="Level.h">
      <Filter>Header Files</Filter>
    </ClInclude>
    <ClInclude Include="Portal.h">
      <Filter>Header Files</Filter>
    </ClInclude>
    <ClInclude Include="Game.h">
      <Filter>Header Files</Filter>
    </ClInclude>
  </ItemGroup>
  <ItemGroup>
    <None Include="Resources\Shaders\Basic.shader">
      <Filter>Resource Files\shaders</Filter>
    </None>
    <None Include="Resources\Shaders\TextureShader.shader">
      <Filter>Resource Files\shaders</Filter>
    </None>
  </ItemGroup>
  <ItemGroup>
    <Image Include="Resources\Textures\Fish\Fish-1.png">
      <Filter>Resource Files\Textures\Fish</Filter>
    </Image>
    <Image Include="Resources\Textures\Background\BackGround-2.png">
      <Filter>Resource Files\Textures\Background</Filter>
    </Image>
    <Image Include="Resources\Textures\Portal\Portal-1.png">
      <Filter>Resource Files\Textures\portal</Filter>
    </Image>
    <Image Include="Resources\Textures\Background\background2.png">
      <Filter>Resource Files\Textures\Background</Filter>
    </Image>
    <Image Include="Resources\Textures\Fish\Fish2.png">
      <Filter>Resource Files\Textures\Fish</Filter>
    </Image>
    <Image Include="Resources\Textures\Fish\Fish3.png">
      <Filter>Resource Files\Textures\Fish</Filter>
    </Image>
    <Image Include="Resources\Textures\Fish\Fish4.png">
      <Filter>Resource Files\Textures\Fish</Filter>
    </Image>
    <Image Include="Resources\Textures\Fish\Fish5.png">
      <Filter>Resource Files\Textures\Fish</Filter>
    </Image>
    <Image Include="Resources\Textures\Fish\Whale.png">
      <Filter>Resource Files\Textures\Fish</Filter>
    </Image>
    <Image Include="Resources\Textures\Fish\part_of_fish.png">
      <Filter>Resource Files\Textures\Fish</Filter>
    </Image>
    <Image Include="Resources\Textures\Fish\bricks.png">
      <Filter>Resource Files\Textures\Fish</Filter>
    </Image>
  </ItemGroup>
</Project>